
Microsoft Visual Studio Solution File, Format Version 12.00
# Visual Studio Version 16
VisualStudioVersion = 16.0.30907.101
MinimumVisualStudioVersion = 10.0.40219.1
Project("{FAE04EC0-301F-11D3-BF4B-00C04F79EFBC}") = "FirstResponsiveWebAppBurgett", "FirstResponsiveWebAppBurgett.csproj", "{934AC2C8-9F32-4DA7-93E7-ECFA01FEF43E}"
EndProject
Global
	GlobalSection(SolutionConfigurationPlatforms) = preSolution
		Debug|Any CPU = Debug|Any CPU
		Release|Any CPU = Release|Any CPU
	EndGlobalSection
	GlobalSection(ProjectConfigurationPlatforms) = postSolution
		{934AC2C8-9F32-4DA7-93E7-ECFA01FEF43E}.Debug|Any CPU.ActiveCfg = Debug|Any CPU
		{934AC2C8-9F32-4DA7-93E7-ECFA01FEF43E}.Debug|Any CPU.Build.0 = Debug|Any CPU
		{934AC2C8-9F32-4DA7-93E7-ECFA01FEF43E}.Release|Any CPU.ActiveCfg = Release|Any CPU
		{934AC2C8-9F32-4DA7-93E7-ECFA01FEF43E}.Release|Any CPU.Build.0 = Release|Any CPU
	EndGlobalSection
	GlobalSection(SolutionProperties) = preSolution
		HideSolutionNode = FALSE
	EndGlobalSection
	GlobalSection(ExtensibilityGlobals) = postSolution
		SolutionGuid = {6D3741B5-26CE-4F4E-A243-3473EBC34FDD}
	EndGlobalSection
EndGlobal
